
Microsoft Visual Studio Solution File, Format Version 12.00
# Visual Studio Version 17
VisualStudioVersion = 17.7.34221.43
MinimumVisualStudioVersion = 10.0.40219.1
Project("{9A19103F-16F7-4668-BE54-9A1E7A4F7556}") = "ConsoleApp", "ConsoleApp\ConsoleApp.csproj", "{87483644-815D-4D0E-B870-2723E343EDA6}"
EndProject
Global
	GlobalSection(SolutionConfigurationPlatforms) = preSolution
		Debug|Any CPU = Debug|Any CPU
		Release|Any CPU = Release|Any CPU
	EndGlobalSection
	GlobalSection(ProjectConfigurationPlatforms) = postSolution
		{87483644-815D-4D0E-B870-2723E343EDA6}.Debug|Any CPU.ActiveCfg = Debug|Any CPU
		{87483644-815D-4D0E-B870-2723E343EDA6}.Debug|Any CPU.Build.0 = Debug|Any CPU
		{87483644-815D-4D0E-B870-2723E343EDA6}.Release|Any CPU.ActiveCfg = Release|Any CPU
		{87483644-815D-4D0E-B870-2723E343EDA6}.Release|Any CPU.Build.0 = Release|Any CPU
	EndGlobalSection
	GlobalSection(SolutionProperties) = preSolution
		HideSolutionNode = FALSE
	EndGlobalSection
	GlobalSection(ExtensibilityGlobals) = postSolution
		SolutionGuid = {E8695E3B-203E-4972-940E-B0B9059AFBCE}
	EndGlobalSection
EndGlobal
